
Microsoft Visual Studio Solution File, Format Version 12.00
# Visual Studio Version 16
VisualStudioVersion = 16.0.28922.388
MinimumVisualStudioVersion = 10.0.40219.1
Project("{FAE04EC0-301F-11D3-BF4B-00C04F79EFBC}") = "ConsoleSevice", "ConsoleSevice\ConsoleSevice.csproj", "{5F7E20BB-4EF1-45F0-8D24-AC5CBB8B7E73}"
EndProject
Global
	GlobalSection(SolutionConfigurationPlatforms) = preSolution
		Debug|Any CPU = Debug|Any CPU
		Release|Any CPU = Release|Any CPU
	EndGlobalSection
	GlobalSection(ProjectConfigurationPlatforms) = postSolution
		{5F7E20BB-4EF1-45F0-8D24-AC5CBB8B7E73}.Debug|Any CPU.ActiveCfg = Debug|Any CPU
		{5F7E20BB-4EF1-45F0-8D24-AC5CBB8B7E73}.Debug|Any CPU.Build.0 = Debug|Any CPU
		{5F7E20BB-4EF1-45F0-8D24-AC5CBB8B7E73}.Release|Any CPU.ActiveCfg = Release|Any CPU
		{5F7E20BB-4EF1-45F0-8D24-AC5CBB8B7E73}.Release|Any CPU.Build.0 = Release|Any CPU
	EndGlobalSection
	GlobalSection(SolutionProperties) = preSolution
		HideSolutionNode = FALSE
	EndGlobalSection
	GlobalSection(ExtensibilityGlobals) = postSolution
		SolutionGuid = {27DC2C05-F212-4650-864E-AC776A45324A}
	EndGlobalSection
EndGlobal
